
Microsoft Visual Studio Solution File, Format Version 12.00
# Visual Studio 15
VisualStudioVersion = 15.0.27428.2037
MinimumVisualStudioVersion = 10.0.40219.1
Project("{FAE04EC0-301F-11D3-BF4B-00C04F79EFBC}") = "NetRogue.Core", "NetRogue.Core\NetRogue.Core.csproj", "{116B820B-1D99-4F16-8AA8-2094FAF9282D}"
EndProject
Project("{FAE04EC0-301F-11D3-BF4B-00C04F79EFBC}") = "NetRouge.CMD", "NetRouge.Console\NetRouge.CMD.csproj", "{D1B9A51F-0E95-4589-B364-9E76D70A3304}"
EndProject
Project("{FAE04EC0-301F-11D3-BF4B-00C04F79EFBC}") = "NetRouge.Tests", "NetRouge.Tests\NetRouge.Tests.csproj", "{B253BEB3-4706-4D8F-80F2-AA41E583372D}"
EndProject
Project("{FAE04EC0-301F-11D3-BF4B-00C04F79EFBC}") = "NetRogue.CoreTests", "NetRogue.CoreTests\NetRogue.CoreTests.csproj", "{84009652-F19F-4CA7-95DE-38E0E02F7BED}"
EndProject
Global
	GlobalSection(SolutionConfigurationPlatforms) = preSolution
		Debug|Any CPU = Debug|Any CPU
		Release|Any CPU = Release|Any CPU
	EndGlobalSection
	GlobalSection(ProjectConfigurationPlatforms) = postSolution
		{116B820B-1D99-4F16-8AA8-2094FAF9282D}.Debug|Any CPU.ActiveCfg = Debug|Any CPU
		{116B820B-1D99-4F16-8AA8-2094FAF9282D}.Debug|Any CPU.Build.0 = Debug|Any CPU
		{116B820B-1D99-4F16-8AA8-2094FAF9282D}.Release|Any CPU.ActiveCfg = Release|Any CPU
		{116B820B-1D99-4F16-8AA8-2094FAF9282D}.Release|Any CPU.Build.0 = Release|Any CPU
		{D1B9A51F-0E95-4589-B364-9E76D70A3304}.Debug|Any CPU.ActiveCfg = Debug|Any CPU
		{D1B9A51F-0E95-4589-B364-9E76D70A3304}.Debug|Any CPU.Build.0 = Debug|Any CPU
		{D1B9A51F-0E95-4589-B364-9E76D70A3304}.Release|Any CPU.ActiveCfg = Release|Any CPU
		{D1B9A51F-0E95-4589-B364-9E76D70A3304}.Release|Any CPU.Build.0 = Release|Any CPU
		{B253BEB3-4706-4D8F-80F2-AA41E583372D}.Debug|Any CPU.ActiveCfg = Debug|Any CPU
		{B253BEB3-4706-4D8F-80F2-AA41E583372D}.Debug|Any CPU.Build.0 = Debug|Any CPU
		{B253BEB3-4706-4D8F-80F2-AA41E583372D}.Release|Any CPU.ActiveCfg = Release|Any CPU
		{B253BEB3-4706-4D8F-80F2-AA41E583372D}.Release|Any CPU.Build.0 = Release|Any CPU
		{84009652-F19F-4CA7-95DE-38E0E02F7BED}.Debug|Any CPU.ActiveCfg = Debug|Any CPU
		{84009652-F19F-4CA7-95DE-38E0E02F7BED}.Debug|Any CPU.Build.0 = Debug|Any CPU
		{84009652-F19F-4CA7-95DE-38E0E02F7BED}.Release|Any CPU.ActiveCfg = Release|Any CPU
		{84009652-F19F-4CA7-95DE-38E0E02F7BED}.Release|Any CPU.Build.0 = Release|Any CPU
	EndGlobalSection
	GlobalSection(SolutionProperties) = preSolution
		HideSolutionNode = FALSE
	EndGlobalSection
	GlobalSection(ExtensibilityGlobals) = postSolution
		SolutionGuid = {C4DBEA33-2D1C-4121-B767-89244FBB0EA8}
	EndGlobalSection
EndGlobal
